// !$*UTF8*$!
{
	archiveVersion = 1;
	classes = {
	};
	objectVersion = 50;
	objects = {

/* Begin PBXBuildFile section */
		843186F6233938FB006FFA0A /* AppDelegate.swift in Sources */ = {isa = PBXBuildFile; fileRef = 843186F5233938FB006FFA0A /* AppDelegate.swift */; };
		843186FB233938FB006FFA0A /* Main.storyboard in Resources */ = {isa = PBXBuildFile; fileRef = 843186F9233938FB006FFA0A /* Main.storyboard */; };
		843186FD23393901006FFA0A /* Assets.xcassets in Resources */ = {isa = PBXBuildFile; fileRef = 843186FC23393901006FFA0A /* Assets.xcassets */; };
		8431870023393901006FFA0A /* LaunchScreen.storyboard in Resources */ = {isa = PBXBuildFile; fileRef = 843186FE23393901006FFA0A /* LaunchScreen.storyboard */; };
		84318708233963C4006FFA0A /* MedicationCollectionViewController.swift in Sources */ = {isa = PBXBuildFile; fileRef = 84318707233963C4006FFA0A /* MedicationCollectionViewController.swift */; };
		8431870A233963DC006FFA0A /* MedicationCollectionViewCell.swift in Sources */ = {isa = PBXBuildFile; fileRef = 84318709233963DC006FFA0A /* MedicationCollectionViewCell.swift */; };
		8431870C23396402006FFA0A /* MedicationDetailViewController.swift in Sources */ = {isa = PBXBuildFile; fileRef = 8431870B23396402006FFA0A /* MedicationDetailViewController.swift */; };
		8431870E2339641C006FFA0A /* AddMedicationViewController.swift in Sources */ = {isa = PBXBuildFile; fileRef = 8431870D2339641C006FFA0A /* AddMedicationViewController.swift */; };
		84318712233966BA006FFA0A /* MedicationModel.swift in Sources */ = {isa = PBXBuildFile; fileRef = 84318711233966BA006FFA0A /* MedicationModel.swift */; };
		84318714233A81CD006FFA0A /* MedicationController.swift in Sources */ = {isa = PBXBuildFile; fileRef = 84318713233A81CD006FFA0A /* MedicationController.swift */; };
/* End PBXBuildFile section */

/* Begin PBXFileReference section */
		843186F2233938FB006FFA0A /* MedicationTracker.app */ = {isa = PBXFileReference; explicitFileType = wrapper.application; includeInIndex = 0; path = MedicationTracker.app; sourceTree = BUILT_PRODUCTS_DIR; };
		843186F5233938FB006FFA0A /* AppDelegate.swift */ = {isa = PBXFileReference; lastKnownFileType = sourcecode.swift; path = AppDelegate.swift; sourceTree = "<group>"; };
		843186FA233938FB006FFA0A /* Base */ = {isa = PBXFileReference; lastKnownFileType = file.storyboard; name = Base; path = Base.lproj/Main.storyboard; sourceTree = "<group>"; };
		843186FC23393901006FFA0A /* Assets.xcassets */ = {isa = PBXFileReference; lastKnownFileType = folder.assetcatalog; path = Assets.xcassets; sourceTree = "<group>"; };
		843186FF23393901006FFA0A /* Base */ = {isa = PBXFileReference; lastKnownFileType = file.storyboard; name = Base; path = Base.lproj/LaunchScreen.storyboard; sourceTree = "<group>"; };
		8431870123393901006FFA0A /* Info.plist */ = {isa = PBXFileReference; lastKnownFileType = text.plist.xml; path = Info.plist; sourceTree = "<group>"; };
		84318707233963C4006FFA0A /* MedicationCollectionViewController.swift */ = {isa = PBXFileReference; lastKnownFileType = sourcecode.swift; path = MedicationCollectionViewController.swift; sourceTree = "<group>"; };
		84318709233963DC006FFA0A /* MedicationCollectionViewCell.swift */ = {isa = PBXFileReference; lastKnownFileType = sourcecode.swift; path = MedicationCollectionViewCell.swift; sourceTree = "<group>"; };
		8431870B23396402006FFA0A /* MedicationDetailViewController.swift */ = {isa = PBXFileReference; lastKnownFileType = sourcecode.swift; path = MedicationDetailViewController.swift; sourceTree = "<group>"; };
		8431870D2339641C006FFA0A /* AddMedicationViewController.swift */ = {isa = PBXFileReference; lastKnownFileType = sourcecode.swift; path = AddMedicationViewController.swift; sourceTree = "<group>"; };
		84318711233966BA006FFA0A /* MedicationModel.swift */ = {isa = PBXFileReference; lastKnownFileType = sourcecode.swift; path = MedicationModel.swift; sourceTree = "<group>"; };
		84318713233A81CD006FFA0A /* MedicationController.swift */ = {isa = PBXFileReference; lastKnownFileType = sourcecode.swift; path = MedicationController.swift; sourceTree = "<group>"; };
/* End PBXFileReference section */

/* Begin PBXFrameworksBuildPhase section */
		843186EF233938FB006FFA0A /* Frameworks */ = {
			isa = PBXFrameworksBuildPhase;
			buildActionMask = 2147483647;
			files = (
			);
			runOnlyForDeploymentPostprocessing = 0;
		};
/* End PBXFrameworksBuildPhase section */

/* Begin PBXGroup section */
		843186E9233938FB006FFA0A = {
			isa = PBXGroup;
			children = (
				843186F4233938FB006FFA0A /* MedicationTracker */,
				843186F3233938FB006FFA0A /* Products */,
			);
			sourceTree = "<group>";
		};
		843186F3233938FB006FFA0A /* Products */ = {
			isa = PBXGroup;
			children = (
				843186F2233938FB006FFA0A /* MedicationTracker.app */,
			);
			name = Products;
			sourceTree = "<group>";
		};
		843186F4233938FB006FFA0A /* MedicationTracker */ = {
			isa = PBXGroup;
			children = (
				843186F5233938FB006FFA0A /* AppDelegate.swift */,
				8431870F23396431006FFA0A /* ViewControllers */,
				84318711233966BA006FFA0A /* MedicationModel.swift */,
				84318713233A81CD006FFA0A /* MedicationController.swift */,
				843186F9233938FB006FFA0A /* Main.storyboard */,
				843186FC23393901006FFA0A /* Assets.xcassets */,
				843186FE23393901006FFA0A /* LaunchScreen.storyboard */,
				8431870123393901006FFA0A /* Info.plist */,
			);
			path = MedicationTracker;
			sourceTree = "<group>";
		};
		8431870F23396431006FFA0A /* ViewControllers */ = {
			isa = PBXGroup;
			children = (
				84318707233963C4006FFA0A /* MedicationCollectionViewController.swift */,
				8431870B23396402006FFA0A /* MedicationDetailViewController.swift */,
				8431870D2339641C006FFA0A /* AddMedicationViewController.swift */,
				843187102339644E006FFA0A /* Cell */,
			);
			path = ViewControllers;
			sourceTree = "<group>";
		};
		843187102339644E006FFA0A /* Cell */ = {
			isa = PBXGroup;
			children = (
				84318709233963DC006FFA0A /* MedicationCollectionViewCell.swift */,
			);
			path = Cell;
			sourceTree = "<group>";
		};
/* End PBXGroup section */

/* Begin PBXNativeTarget section */
		843186F1233938FB006FFA0A /* MedicationTracker */ = {
			isa = PBXNativeTarget;
			buildConfigurationList = 8431870423393901006FFA0A /* Build configuration list for PBXNativeTarget "MedicationTracker" */;
			buildPhases = (
				843186EE233938FB006FFA0A /* Sources */,
				843186EF233938FB006FFA0A /* Frameworks */,
				843186F0233938FB006FFA0A /* Resources */,
			);
			buildRules = (
			);
			dependencies = (
			);
			name = MedicationTracker;
			productName = MedicationTracker;
			productReference = 843186F2233938FB006FFA0A /* MedicationTracker.app */;
			productType = "com.apple.product-type.application";
		};
/* End PBXNativeTarget section */

/* Begin PBXProject section */
		843186EA233938FB006FFA0A /* Project object */ = {
			isa = PBXProject;
			attributes = {
				LastSwiftUpdateCheck = 1030;
				LastUpgradeCheck = 1030;
				ORGANIZATIONNAME = admin;
				TargetAttributes = {
					843186F1233938FB006FFA0A = {
						CreatedOnToolsVersion = 10.3;
					};
				};
			};
			buildConfigurationList = 843186ED233938FB006FFA0A /* Build configuration list for PBXProject "MedicationTracker" */;
			compatibilityVersion = "Xcode 9.3";
			developmentRegion = en;
			hasScannedForEncodings = 0;
			knownRegions = (
				en,
				Base,
			);
			mainGroup = 843186E9233938FB006FFA0A;
			productRefGroup = 843186F3233938FB006FFA0A /* Products */;
			projectDirPath = "";
			projectRoot = "";
			targets = (
				843186F1233938FB006FFA0A /* MedicationTracker */,
			);
		};
/* End PBXProject section */

/* Begin PBXResourcesBuildPhase section */
		843186F0233938FB006FFA0A /* Resources */ = {
			isa = PBXResourcesBuildPhase;
			buildActionMask = 2147483647;
			files = (
				8431870023393901006FFA0A /* LaunchScreen.storyboard in Resources */,
				843186FD23393901006FFA0A /* Assets.xcassets in Resources */,
				843186FB233938FB006FFA0A /* Main.storyboard in Resources */,
			);
			runOnlyForDeploymentPostprocessing = 0;
		};
/* End PBXResourcesBuildPhase section */

/* Begin PBXSourcesBuildPhase section */
		843186EE233938FB006FFA0A /* Sources */ = {
			isa = PBXSourcesBuildPhase;
			buildActionMask = 2147483647;
			files = (
				843186F6233938FB006FFA0A /* AppDelegate.swift in Sources */,
				8431870A233963DC006FFA0A /* MedicationCollectionViewCell.swift in Sources */,
				8431870C23396402006FFA0A /* MedicationDetailViewController.swift in Sources */,
				84318708233963C4006FFA0A /* MedicationCollectionViewController.swift in Sources */,
				84318714233A81CD006FFA0A /* MedicationController.swift in Sources */,
				84318712233966BA006FFA0A /* MedicationModel.swift in Sources */,
				8431870E2339641C006FFA0A /* AddMedicationViewController.swift in Sources */,
			);
			runOnlyForDeploymentPostprocessing = 0;
		};
/* End PBXSourcesBuildPhase section */

/* Begin PBXVariantGroup section */
		843186F9233938FB006FFA0A /* Main.storyboard */ = {
			isa = PBXVariantGroup;
			children = (
				843186FA233938FB006FFA0A /* Base */,
			);
			name = Main.storyboard;
			sourceTree = "<group>";
		};
		843186FE23393901006FFA0A /* LaunchScreen.storyboard */ = {
			isa = PBXVariantGroup;
			children = (
				843186FF23393901006FFA0A /* Base */,
			);
			name = LaunchScreen.storyboard;
			sourceTree = "<group>";
		};
/* End PBXVariantGroup section */

/* Begin XCBuildConfiguration section */
		8431870223393901006FFA0A /* Debug */ = {
			isa = XCBuildConfiguration;
			buildSettings = {
				ALWAYS_SEARCH_USER_PATHS = NO;
				CLANG_ANALYZER_NONNULL = YES;
				CLANG_ANALYZER_NUMBER_OBJECT_CONVERSION = YES_AGGRESSIVE;
				CLANG_CXX_LANGUAGE_STANDARD = "gnu++14";
				CLANG_CXX_LIBRARY = "libc++";
				CLANG_ENABLE_MODULES = YES;
				CLANG_ENABLE_OBJC_ARC = YES;
				CLANG_ENABLE_OBJC_WEAK = YES;
				CLANG_WARN_BLOCK_CAPTURE_AUTORELEASING = YES;
				CLANG_WARN_BOOL_CONVERSION = YES;
				CLANG_WARN_COMMA = YES;
				CLANG_WARN_CONSTANT_CONVERSION = YES;
				CLANG_WARN_DEPRECATED_OBJC_IMPLEMENTATIONS = YES;
				CLANG_WARN_DIRECT_OBJC_ISA_USAGE = YES_ERROR;
				CLANG_WARN_DOCUMENTATION_COMMENTS = YES;
				CLANG_WARN_EMPTY_BODY = YES;
				CLANG_WARN_ENUM_CONVERSION = YES;
				CLANG_WARN_INFINITE_RECURSION = YES;
				CLANG_WARN_INT_CONVERSION = YES;
				CLANG_WARN_NON_LITERAL_NULL_CONVERSION = YES;
				CLANG_WARN_OBJC_IMPLICIT_RETAIN_SELF = YES;
				CLANG_WARN_OBJC_LITERAL_CONVERSION = YES;
				CLANG_WARN_OBJC_ROOT_CLASS = YES_ERROR;
				CLANG_WARN_RANGE_LOOP_ANALYSIS = YES;
				CLANG_WARN_STRICT_PROTOTYPES = YES;
				CLANG_WARN_SUSPICIOUS_MOVE = YES;
				CLANG_WARN_UNGUARDED_AVAILABILITY = YES_AGGRESSIVE;
				CLANG_WARN_UNREACHABLE_CODE = YES;
				CLANG_WARN__DUPLICATE_METHOD_MATCH = YES;
				CODE_SIGN_IDENTITY = "iPhone Developer";
				COPY_PHASE_STRIP = NO;
				DEBUG_INFORMATION_FORMAT = dwarf;
				ENABLE_STRICT_OBJC_MSGSEND = YES;
				ENABLE_TESTABILITY = YES;
				GCC_C_LANGUAGE_STANDARD = gnu11;
				GCC_DYNAMIC_NO_PIC = NO;
				GCC_NO_COMMON_BLOCKS = YES;
				GCC_OPTIMIZATION_LEVEL = 0;
				GCC_PREPROCESSOR_DEFINITIONS = (
					"DEBUG=1",
					"$(inherited)",
				);
				GCC_WARN_64_TO_32_BIT_CONVERSION = YES;
				GCC_WARN_ABOUT_RETURN_TYPE = YES_ERROR;
				GCC_WARN_UNDECLARED_SELECTOR = YES;
				GCC_WARN_UNINITIALIZED_AUTOS = YES_AGGRESSIVE;
				GCC_WARN_UNUSED_FUNCTION = YES;
				GCC_WARN_UNUSED_VARIABLE = YES;
				IPHONEOS_DEPLOYMENT_TARGET = 12.4;
				MTL_ENABLE_DEBUG_INFO = INCLUDE_SOURCE;
				MTL_FAST_MATH = YES;
				ONLY_ACTIVE_ARCH = YES;
				SDKROOT = iphoneos;
				SWIFT_ACTIVE_COMPILATION_CONDITIONS = DEBUG;
				SWIFT_OPTIMIZATION_LEVEL = "-Onone";
			};
			name = Debug;
		};
		8431870323393901006FFA0A /* Release */ = {
			isa = XCBuildConfiguration;
			buildSettings = {
				ALWAYS_SEARCH_USER_PATHS = NO;
				CLANG_ANALYZER_NONNULL = YES;
				CLANG_ANALYZER_NUMBER_OBJECT_CONVERSION = YES_AGGRESSIVE;
				CLANG_CXX_LANGUAGE_STANDARD = "gnu++14";
				CLANG_CXX_LIBRARY = "libc++";
				CLANG_ENABLE_MODULES = YES;
				CLANG_ENABLE_OBJC_ARC = YES;
				CLANG_ENABLE_OBJC_WEAK = YES;
				CLANG_WARN_BLOCK_CAPTURE_AUTORELEASING = YES;
				CLANG_WARN_BOOL_CONVERSION = YES;
				CLANG_WARN_COMMA = YES;
				CLANG_WARN_CONSTANT_CONVERSION = YES;
				CLANG_WARN_DEPRECATED_OBJC_IMPLEMENTATIONS = YES;
				CLANG_WARN_DIRECT_OBJC_ISA_USAGE = YES_ERROR;
				CLANG_WARN_DOCUMENTATION_COMMENTS = YES;
				CLANG_WARN_EMPTY_BODY = YES;
				CLANG_WARN_ENUM_CONVERSION = YES;
				CLANG_WARN_INFINITE_RECURSION = YES;
				CLANG_WARN_INT_CONVERSION = YES;
				CLANG_WARN_NON_LITERAL_NULL_CONVERSION = YES;
				CLANG_WARN_OBJC_IMPLICIT_RETAIN_SELF = YES;
				CLANG_WARN_OBJC_LITERAL_CONVERSION = YES;
				CLANG_WARN_OBJC_ROOT_CLASS = YES_ERROR;
				CLANG_WARN_RANGE_LOOP_ANALYSIS = YES;
				CLANG_WARN_STRICT_PROTOTYPES = YES;
				CLANG_WARN_SUSPICIOUS_MOVE = YES;
				CLANG_WARN_UNGUARDED_AVAILABILITY = YES_AGGRESSIVE;
				CLANG_WARN_UNREACHABLE_CODE = YES;
				CLANG_WARN__DUPLICATE_METHOD_MATCH = YES;
				CODE_SIGN_IDENTITY = "iPhone Developer";
				COPY_PHASE_STRIP = NO;
				DEBUG_INFORMATION_FORMAT = "dwarf-with-dsym";
				ENABLE_NS_ASSERTIONS = NO;
				ENABLE_STRICT_OBJC_MSGSEND = YES;
				GCC_C_LANGUAGE_STANDARD = gnu11;
				GCC_NO_COMMON_BLOCKS = YES;
				GCC_WARN_64_TO_32_BIT_CONVERSION = YES;
				GCC_WARN_ABOUT_RETURN_TYPE = YES_ERROR;
				GCC_WARN_UNDECLARED_SELECTOR = YES;
				GCC_WARN_UNINITIALIZED_AUTOS = YES_AGGRESSIVE;
				GCC_WARN_UNUSED_FUNCTION = YES;
				GCC_WARN_UNUSED_VARIABLE = YES;
				IPHONEOS_DEPLOYMENT_TARGET = 12.4;
				MTL_ENABLE_DEBUG_INFO = NO;
				MTL_FAST_MATH = YES;
				SDKROOT = iphoneos;
				SWIFT_COMPILATION_MODE = wholemodule;
				SWIFT_OPTIMIZATION_LEVEL = "-O";
				VALIDATE_PRODUCT = YES;
			};
			name = Release;
		};
		8431870523393901006FFA0A /* Debug */ = {
			isa = XCBuildConfiguration;
			buildSettings = {
				ASSETCATALOG_COMPILER_APPICON_NAME = AppIcon;
				CODE_SIGN_STYLE = Automatic;
				DEVELOPMENT_TEAM = X77B7DPNM6;
				INFOPLIST_FILE = MedicationTracker/Info.plist;
				LD_RUNPATH_SEARCH_PATHS = (
					"$(inherited)",
					"@executable_path/Frameworks",
				);
				PRODUCT_BUNDLE_IDENTIFIER = jerry.MedicationTracker;
				PRODUCT_NAME = "$(TARGET_NAME)";
				SWIFT_VERSION = 5.0;
				TARGETED_DEVICE_FAMILY = "1,2";
			};
			name = Debug;
		};
		8431870623393901006FFA0A /* Release */ = {
			isa = XCBuildConfiguration;
			buildSettings = {
				ASSETCATALOG_COMPILER_APPICON_NAME = AppIcon;
				CODE_SIGN_STYLE = Automatic;
				DEVELOPMENT_TEAM = X77B7DPNM6;
				INFOPLIST_FILE = MedicationTracker/Info.plist;
				LD_RUNPATH_SEARCH_PATHS = (
					"$(inherited)",
					"@executable_path/Frameworks",
				);
				PRODUCT_BUNDLE_IDENTIFIER = jerry.MedicationTracker;
				PRODUCT_NAME = "$(TARGET_NAME)";
				SWIFT_VERSION = 5.0;
				TARGETED_DEVICE_FAMILY = "1,2";
			};
			name = Release;
		};
/* End XCBuildConfiguration section */

/* Begin XCConfigurationList section */
		843186ED233938FB006FFA0A /* Build configuration list for PBXProject "MedicationTracker" */ = {
			isa = XCConfigurationList;
			buildConfigurations = (
				8431870223393901006FFA0A /* Debug */,
				8431870323393901006FFA0A /* Release */,
			);
			defaultConfigurationIsVisible = 0;
			defaultConfigurationName = Release;
		};
		8431870423393901006FFA0A /* Build configuration list for PBXNativeTarget "MedicationTracker" */ = {
			isa = XCConfigurationList;
			buildConfigurations = (
				8431870523393901006FFA0A /* Debug */,
				8431870623393901006FFA0A /* Release */,
			);
			defaultConfigurationIsVisible = 0;
			defaultConfigurationName = Release;
		};
/* End XCConfigurationList section */
	};
	rootObject = 843186EA233938FB006FFA0A /* Project object */;
}
